
Microsoft Visual Studio Solution File, Format Version 12.00
# Visual Studio Version 17
VisualStudioVersion = 17.7.34024.191
MinimumVisualStudioVersion = 10.0.40219.1
Project("{FAE04EC0-301F-11D3-BF4B-00C04F79EFBC}") = "Button Task 1", "Button Task 1\Button Task 1.csproj", "{B42761A4-2806-4AD2-8DE2-3D4BBB404587}"
EndProject
Global
	GlobalSection(SolutionConfigurationPlatforms) = preSolution
		Debug|Any CPU = Debug|Any CPU
		Release|Any CPU = Release|Any CPU
	EndGlobalSection
	GlobalSection(ProjectConfigurationPlatforms) = postSolution
		{B42761A4-2806-4AD2-8DE2-3D4BBB404587}.Debug|Any CPU.ActiveCfg = Debug|Any CPU
		{B42761A4-2806-4AD2-8DE2-3D4BBB404587}.Debug|Any CPU.Build.0 = Debug|Any CPU
		{B42761A4-2806-4AD2-8DE2-3D4BBB404587}.Release|Any CPU.ActiveCfg = Release|Any CPU
		{B42761A4-2806-4AD2-8DE2-3D4BBB404587}.Release|Any CPU.Build.0 = Release|Any CPU
	EndGlobalSection
	GlobalSection(SolutionProperties) = preSolution
		HideSolutionNode = FALSE
	EndGlobalSection
	GlobalSection(ExtensibilityGlobals) = postSolution
		SolutionGuid = {44491650-7BAE-4993-A808-A85D4BCA9ACF}
	EndGlobalSection
EndGlobal
